// !$*UTF8*$!
{
	archiveVersion = 1;
	classes = {
	};
	objectVersion = 50;
	objects = {

/* Begin PBXBuildFile section */
		9BCDC35F22DA18C20047F8E3 /* AppDelegate.m in Sources */ = {isa = PBXBuildFile; fileRef = 9BCDC35E22DA18C20047F8E3 /* AppDelegate.m */; };
		9BCDC36222DA18C20047F8E3 /* ViewController.m in Sources */ = {isa = PBXBuildFile; fileRef = 9BCDC36122DA18C20047F8E3 /* ViewController.m */; };
		9BCDC36522DA18C20047F8E3 /* Main.storyboard in Resources */ = {isa = PBXBuildFile; fileRef = 9BCDC36322DA18C20047F8E3 /* Main.storyboard */; };
		9BCDC36722DA18C40047F8E3 /* Assets.xcassets in Resources */ = {isa = PBXBuildFile; fileRef = 9BCDC36622DA18C40047F8E3 /* Assets.xcassets */; };
		9BCDC36A22DA18C40047F8E3 /* LaunchScreen.storyboard in Resources */ = {isa = PBXBuildFile; fileRef = 9BCDC36822DA18C40047F8E3 /* LaunchScreen.storyboard */; };
		9BCDC36D22DA18C40047F8E3 /* main.m in Sources */ = {isa = PBXBuildFile; fileRef = 9BCDC36C22DA18C40047F8E3 /* main.m */; };
		9BCDC37622DA19110047F8E3 /* DWTransition.m in Sources */ = {isa = PBXBuildFile; fileRef = 9BCDC37522DA19110047F8E3 /* DWTransition.m */; };
		9BCDC37922DA19240047F8E3 /* NavViewController.m in Sources */ = {isa = PBXBuildFile; fileRef = 9BCDC37822DA19240047F8E3 /* NavViewController.m */; };
		9BEFBDB522E5938200A5FA7F /* DWTransitionPopInteraction.m in Sources */ = {isa = PBXBuildFile; fileRef = 9BEFBDB422E5938200A5FA7F /* DWTransitionPopInteraction.m */; };
/* End PBXBuildFile section */

/* Begin PBXFileReference section */
		9BCDC35A22DA18C20047F8E3 /* DWTransition.app */ = {isa = PBXFileReference; explicitFileType = wrapper.application; includeInIndex = 0; path = DWTransition.app; sourceTree = BUILT_PRODUCTS_DIR; };
		9BCDC35D22DA18C20047F8E3 /* AppDelegate.h */ = {isa = PBXFileReference; lastKnownFileType = sourcecode.c.h; path = AppDelegate.h; sourceTree = "<group>"; };
		9BCDC35E22DA18C20047F8E3 /* AppDelegate.m */ = {isa = PBXFileReference; lastKnownFileType = sourcecode.c.objc; path = AppDelegate.m; sourceTree = "<group>"; };
		9BCDC36022DA18C20047F8E3 /* ViewController.h */ = {isa = PBXFileReference; lastKnownFileType = sourcecode.c.h; path = ViewController.h; sourceTree = "<group>"; };
		9BCDC36122DA18C20047F8E3 /* ViewController.m */ = {isa = PBXFileReference; lastKnownFileType = sourcecode.c.objc; path = ViewController.m; sourceTree = "<group>"; };
		9BCDC36422DA18C20047F8E3 /* Base */ = {isa = PBXFileReference; lastKnownFileType = file.storyboard; name = Base; path = Base.lproj/Main.storyboard; sourceTree = "<group>"; };
		9BCDC36622DA18C40047F8E3 /* Assets.xcassets */ = {isa = PBXFileReference; lastKnownFileType = folder.assetcatalog; path = Assets.xcassets; sourceTree = "<group>"; };
		9BCDC36922DA18C40047F8E3 /* Base */ = {isa = PBXFileReference; lastKnownFileType = file.storyboard; name = Base; path = Base.lproj/LaunchScreen.storyboard; sourceTree = "<group>"; };
		9BCDC36B22DA18C40047F8E3 /* Info.plist */ = {isa = PBXFileReference; lastKnownFileType = text.plist.xml; path = Info.plist; sourceTree = "<group>"; };
		9BCDC36C22DA18C40047F8E3 /* main.m */ = {isa = PBXFileReference; lastKnownFileType = sourcecode.c.objc; path = main.m; sourceTree = "<group>"; };
		9BCDC37422DA19110047F8E3 /* DWTransition.h */ = {isa = PBXFileReference; fileEncoding = 4; lastKnownFileType = sourcecode.c.h; path = DWTransition.h; sourceTree = "<group>"; };
		9BCDC37522DA19110047F8E3 /* DWTransition.m */ = {isa = PBXFileReference; fileEncoding = 4; lastKnownFileType = sourcecode.c.objc; path = DWTransition.m; sourceTree = "<group>"; };
		9BCDC37722DA19240047F8E3 /* NavViewController.h */ = {isa = PBXFileReference; lastKnownFileType = sourcecode.c.h; path = NavViewController.h; sourceTree = "<group>"; };
		9BCDC37822DA19240047F8E3 /* NavViewController.m */ = {isa = PBXFileReference; lastKnownFileType = sourcecode.c.objc; path = NavViewController.m; sourceTree = "<group>"; };
		9BEFBDB322E5938200A5FA7F /* DWTransitionPopInteraction.h */ = {isa = PBXFileReference; lastKnownFileType = sourcecode.c.h; path = DWTransitionPopInteraction.h; sourceTree = "<group>"; };
		9BEFBDB422E5938200A5FA7F /* DWTransitionPopInteraction.m */ = {isa = PBXFileReference; lastKnownFileType = sourcecode.c.objc; path = DWTransitionPopInteraction.m; sourceTree = "<group>"; };
/* End PBXFileReference section */

/* Begin PBXFrameworksBuildPhase section */
		9BCDC35722DA18C20047F8E3 /* Frameworks */ = {
			isa = PBXFrameworksBuildPhase;
			buildActionMask = 2147483647;
			files = (
			);
			runOnlyForDeploymentPostprocessing = 0;
		};
/* End PBXFrameworksBuildPhase section */

/* Begin PBXGroup section */
		9BCDC35122DA18C20047F8E3 = {
			isa = PBXGroup;
			children = (
				9BCDC35C22DA18C20047F8E3 /* DWTransition */,
				9BCDC35B22DA18C20047F8E3 /* Products */,
			);
			sourceTree = "<group>";
		};
		9BCDC35B22DA18C20047F8E3 /* Products */ = {
			isa = PBXGroup;
			children = (
				9BCDC35A22DA18C20047F8E3 /* DWTransition.app */,
			);
			name = Products;
			sourceTree = "<group>";
		};
		9BCDC35C22DA18C20047F8E3 /* DWTransition */ = {
			isa = PBXGroup;
			children = (
				9BCDC37322DA19110047F8E3 /* DWTransition */,
				9BCDC35D22DA18C20047F8E3 /* AppDelegate.h */,
				9BCDC35E22DA18C20047F8E3 /* AppDelegate.m */,
				9BCDC36022DA18C20047F8E3 /* ViewController.h */,
				9BCDC36122DA18C20047F8E3 /* ViewController.m */,
				9BCDC36322DA18C20047F8E3 /* Main.storyboard */,
				9BCDC36622DA18C40047F8E3 /* Assets.xcassets */,
				9BCDC36822DA18C40047F8E3 /* LaunchScreen.storyboard */,
				9BCDC36B22DA18C40047F8E3 /* Info.plist */,
				9BCDC36C22DA18C40047F8E3 /* main.m */,
				9BCDC37722DA19240047F8E3 /* NavViewController.h */,
				9BCDC37822DA19240047F8E3 /* NavViewController.m */,
			);
			path = DWTransition;
			sourceTree = "<group>";
		};
		9BCDC37322DA19110047F8E3 /* DWTransition */ = {
			isa = PBXGroup;
			children = (
				9BCDC37422DA19110047F8E3 /* DWTransition.h */,
				9BCDC37522DA19110047F8E3 /* DWTransition.m */,
				9BEFBDB322E5938200A5FA7F /* DWTransitionPopInteraction.h */,
				9BEFBDB422E5938200A5FA7F /* DWTransitionPopInteraction.m */,
			);
			name = DWTransition;
			path = ../../DWTransition;
			sourceTree = "<group>";
		};
/* End PBXGroup section */

/* Begin PBXNativeTarget section */
		9BCDC35922DA18C20047F8E3 /* DWTransition */ = {
			isa = PBXNativeTarget;
			buildConfigurationList = 9BCDC37022DA18C40047F8E3 /* Build configuration list for PBXNativeTarget "DWTransition" */;
			buildPhases = (
				9BCDC35622DA18C20047F8E3 /* Sources */,
				9BCDC35722DA18C20047F8E3 /* Frameworks */,
				9BCDC35822DA18C20047F8E3 /* Resources */,
			);
			buildRules = (
			);
			dependencies = (
			);
			name = DWTransition;
			productName = DWTransition;
			productReference = 9BCDC35A22DA18C20047F8E3 /* DWTransition.app */;
			productType = "com.apple.product-type.application";
		};
/* End PBXNativeTarget section */

/* Begin PBXProject section */
		9BCDC35222DA18C20047F8E3 /* Project object */ = {
			isa = PBXProject;
			attributes = {
				LastUpgradeCheck = 1020;
				ORGANIZATIONNAME = Wicky;
				TargetAttributes = {
					9BCDC35922DA18C20047F8E3 = {
						CreatedOnToolsVersion = 10.2.1;
					};
				};
			};
			buildConfigurationList = 9BCDC35522DA18C20047F8E3 /* Build configuration list for PBXProject "DWTransition" */;
			compatibilityVersion = "Xcode 9.3";
			developmentRegion = en;
			hasScannedForEncodings = 0;
			knownRegions = (
				en,
				Base,
			);
			mainGroup = 9BCDC35122DA18C20047F8E3;
			productRefGroup = 9BCDC35B22DA18C20047F8E3 /* Products */;
			projectDirPath = "";
			projectRoot = "";
			targets = (
				9BCDC35922DA18C20047F8E3 /* DWTransition */,
			);
		};
/* End PBXProject section */

/* Begin PBXResourcesBuildPhase section */
		9BCDC35822DA18C20047F8E3 /* Resources */ = {
			isa = PBXResourcesBuildPhase;
			buildActionMask = 2147483647;
			files = (
				9BCDC36A22DA18C40047F8E3 /* LaunchScreen.storyboard in Resources */,
				9BCDC36722DA18C40047F8E3 /* Assets.xcassets in Resources */,
				9BCDC36522DA18C20047F8E3 /* Main.storyboard in Resources */,
			);
			runOnlyForDeploymentPostprocessing = 0;
		};
/* End PBXResourcesBuildPhase section */

/* Begin PBXSourcesBuildPhase section */
		9BCDC35622DA18C20047F8E3 /* Sources */ = {
			isa = PBXSourcesBuildPhase;
			buildActionMask = 2147483647;
			files = (
				9BEFBDB522E5938200A5FA7F /* DWTransitionPopInteraction.m in Sources */,
				9BCDC36222DA18C20047F8E3 /* ViewController.m in Sources */,
				9BCDC36D22DA18C40047F8E3 /* main.m in Sources */,
				9BCDC35F22DA18C20047F8E3 /* AppDelegate.m in Sources */,
				9BCDC37622DA19110047F8E3 /* DWTransition.m in Sources */,
				9BCDC37922DA19240047F8E3 /* NavViewController.m in Sources */,
			);
			runOnlyForDeploymentPostprocessing = 0;
		};
/* End PBXSourcesBuildPhase section */

/* Begin PBXVariantGroup section */
		9BCDC36322DA18C20047F8E3 /* Main.storyboard */ = {
			isa = PBXVariantGroup;
			children = (
				9BCDC36422DA18C20047F8E3 /* Base */,
			);
			name = Main.storyboard;
			sourceTree = "<group>";
		};
		9BCDC36822DA18C40047F8E3 /* LaunchScreen.storyboard */ = {
			isa = PBXVariantGroup;
			children = (
				9BCDC36922DA18C40047F8E3 /* Base */,
			);
			name = LaunchScreen.storyboard;
			sourceTree = "<group>";
		};
/* End PBXVariantGroup section */

/* Begin XCBuildConfiguration section */
		9BCDC36E22DA18C40047F8E3 /* Debug */ = {
			isa = XCBuildConfiguration;
			buildSettings = {
				ALWAYS_SEARCH_USER_PATHS = NO;
				CLANG_ANALYZER_NONNULL = YES;
				CLANG_ANALYZER_NUMBER_OBJECT_CONVERSION = YES_AGGRESSIVE;
				CLANG_CXX_LANGUAGE_STANDARD = "gnu++14";
				CLANG_CXX_LIBRARY = "libc++";
				CLANG_ENABLE_MODULES = YES;
				CLANG_ENABLE_OBJC_ARC = YES;
				CLANG_ENABLE_OBJC_WEAK = YES;
				CLANG_WARN_BLOCK_CAPTURE_AUTORELEASING = YES;
				CLANG_WARN_BOOL_CONVERSION = YES;
				CLANG_WARN_COMMA = YES;
				CLANG_WARN_CONSTANT_CONVERSION = YES;
				CLANG_WARN_DEPRECATED_OBJC_IMPLEMENTATIONS = YES;
				CLANG_WARN_DIRECT_OBJC_ISA_USAGE = YES_ERROR;
				CLANG_WARN_DOCUMENTATION_COMMENTS = YES;
				CLANG_WARN_EMPTY_BODY = YES;
				CLANG_WARN_ENUM_CONVERSION = YES;
				CLANG_WARN_INFINITE_RECURSION = YES;
				CLANG_WARN_INT_CONVERSION = YES;
				CLANG_WARN_NON_LITERAL_NULL_CONVERSION = YES;
				CLANG_WARN_OBJC_IMPLICIT_RETAIN_SELF = YES;
				CLANG_WARN_OBJC_LITERAL_CONVERSION = YES;
				CLANG_WARN_OBJC_ROOT_CLASS = YES_ERROR;
				CLANG_WARN_RANGE_LOOP_ANALYSIS = YES;
				CLANG_WARN_STRICT_PROTOTYPES = YES;
				CLANG_WARN_SUSPICIOUS_MOVE = YES;
				CLANG_WARN_UNGUARDED_AVAILABILITY = YES_AGGRESSIVE;
				CLANG_WARN_UNREACHABLE_CODE = YES;
				CLANG_WARN__DUPLICATE_METHOD_MATCH = YES;
				CODE_SIGN_IDENTITY = "iPhone Developer";
				COPY_PHASE_STRIP = NO;
				DEBUG_INFORMATION_FORMAT = dwarf;
				ENABLE_STRICT_OBJC_MSGSEND = YES;
				ENABLE_TESTABILITY = YES;
				GCC_C_LANGUAGE_STANDARD = gnu11;
				GCC_DYNAMIC_NO_PIC = NO;
				GCC_NO_COMMON_BLOCKS = YES;
				GCC_OPTIMIZATION_LEVEL = 0;
				GCC_PREPROCESSOR_DEFINITIONS = (
					"DEBUG=1",
					"$(inherited)",
				);
				GCC_WARN_64_TO_32_BIT_CONVERSION = YES;
				GCC_WARN_ABOUT_RETURN_TYPE = YES_ERROR;
				GCC_WARN_UNDECLARED_SELECTOR = YES;
				GCC_WARN_UNINITIALIZED_AUTOS = YES_AGGRESSIVE;
				GCC_WARN_UNUSED_FUNCTION = YES;
				GCC_WARN_UNUSED_VARIABLE = YES;
				IPHONEOS_DEPLOYMENT_TARGET = 12.2;
				MTL_ENABLE_DEBUG_INFO = INCLUDE_SOURCE;
				MTL_FAST_MATH = YES;
				ONLY_ACTIVE_ARCH = YES;
				SDKROOT = iphoneos;
			};
			name = Debug;
		};
		9BCDC36F22DA18C40047F8E3 /* Release */ = {
			isa = XCBuildConfiguration;
			buildSettings = {
				ALWAYS_SEARCH_USER_PATHS = NO;
				CLANG_ANALYZER_NONNULL = YES;
				CLANG_ANALYZER_NUMBER_OBJECT_CONVERSION = YES_AGGRESSIVE;
				CLANG_CXX_LANGUAGE_STANDARD = "gnu++14";
				CLANG_CXX_LIBRARY = "libc++";
				CLANG_ENABLE_MODULES = YES;
				CLANG_ENABLE_OBJC_ARC = YES;
				CLANG_ENABLE_OBJC_WEAK = YES;
				CLANG_WARN_BLOCK_CAPTURE_AUTORELEASING = YES;
				CLANG_WARN_BOOL_CONVERSION = YES;
				CLANG_WARN_COMMA = YES;
				CLANG_WARN_CONSTANT_CONVERSION = YES;
				CLANG_WARN_DEPRECATED_OBJC_IMPLEMENTATIONS = YES;
				CLANG_WARN_DIRECT_OBJC_ISA_USAGE = YES_ERROR;
				CLANG_WARN_DOCUMENTATION_COMMENTS = YES;
				CLANG_WARN_EMPTY_BODY = YES;
				CLANG_WARN_ENUM_CONVERSION = YES;
				CLANG_WARN_INFINITE_RECURSION = YES;
				CLANG_WARN_INT_CONVERSION = YES;
				CLANG_WARN_NON_LITERAL_NULL_CONVERSION = YES;
				CLANG_WARN_OBJC_IMPLICIT_RETAIN_SELF = YES;
				CLANG_WARN_OBJC_LITERAL_CONVERSION = YES;
				CLANG_WARN_OBJC_ROOT_CLASS = YES_ERROR;
				CLANG_WARN_RANGE_LOOP_ANALYSIS = YES;
				CLANG_WARN_STRICT_PROTOTYPES = YES;
				CLANG_WARN_SUSPICIOUS_MOVE = YES;
				CLANG_WARN_UNGUARDED_AVAILABILITY = YES_AGGRESSIVE;
				CLANG_WARN_UNREACHABLE_CODE = YES;
				CLANG_WARN__DUPLICATE_METHOD_MATCH = YES;
				CODE_SIGN_IDENTITY = "iPhone Developer";
				COPY_PHASE_STRIP = NO;
				DEBUG_INFORMATION_FORMAT = "dwarf-with-dsym";
				ENABLE_NS_ASSERTIONS = NO;
				ENABLE_STRICT_OBJC_MSGSEND = YES;
				GCC_C_LANGUAGE_STANDARD = gnu11;
				GCC_NO_COMMON_BLOCKS = YES;
				GCC_WARN_64_TO_32_BIT_CONVERSION = YES;
				GCC_WARN_ABOUT_RETURN_TYPE = YES_ERROR;
				GCC_WARN_UNDECLARED_SELECTOR = YES;
				GCC_WARN_UNINITIALIZED_AUTOS = YES_AGGRESSIVE;
				GCC_WARN_UNUSED_FUNCTION = YES;
				GCC_WARN_UNUSED_VARIABLE = YES;
				IPHONEOS_DEPLOYMENT_TARGET = 12.2;
				MTL_ENABLE_DEBUG_INFO = NO;
				MTL_FAST_MATH = YES;
				SDKROOT = iphoneos;
				VALIDATE_PRODUCT = YES;
			};
			name = Release;
		};
		9BCDC37122DA18C40047F8E3 /* Debug */ = {
			isa = XCBuildConfiguration;
			buildSettings = {
				ASSETCATALOG_COMPILER_APPICON_NAME = AppIcon;
				CODE_SIGN_STYLE = Automatic;
				DEVELOPMENT_TEAM = Z26Y87B8NH;
				INFOPLIST_FILE = DWTransition/Info.plist;
				LD_RUNPATH_SEARCH_PATHS = (
					"$(inherited)",
					"@executable_path/Frameworks",
				);
				PRODUCT_BUNDLE_IDENTIFIER = Wicky.DWTransition;
				PRODUCT_NAME = "$(TARGET_NAME)";
				TARGETED_DEVICE_FAMILY = "1,2";
			};
			name = Debug;
		};
		9BCDC37222DA18C40047F8E3 /* Release */ = {
			isa = XCBuildConfiguration;
			buildSettings = {
				ASSETCATALOG_COMPILER_APPICON_NAME = AppIcon;
				CODE_SIGN_STYLE = Automatic;
				DEVELOPMENT_TEAM = Z26Y87B8NH;
				INFOPLIST_FILE = DWTransition/Info.plist;
				LD_RUNPATH_SEARCH_PATHS = (
					"$(inherited)",
					"@executable_path/Frameworks",
				);
				PRODUCT_BUNDLE_IDENTIFIER = Wicky.DWTransition;
				PRODUCT_NAME = "$(TARGET_NAME)";
				TARGETED_DEVICE_FAMILY = "1,2";
			};
			name = Release;
		};
/* End XCBuildConfiguration section */

/* Begin XCConfigurationList section */
		9BCDC35522DA18C20047F8E3 /* Build configuration list for PBXProject "DWTransition" */ = {
			isa = XCConfigurationList;
			buildConfigurations = (
				9BCDC36E22DA18C40047F8E3 /* Debug */,
				9BCDC36F22DA18C40047F8E3 /* Release */,
			);
			defaultConfigurationIsVisible = 0;
			defaultConfigurationName = Release;
		};
		9BCDC37022DA18C40047F8E3 /* Build configuration list for PBXNativeTarget "DWTransition" */ = {
			isa = XCConfigurationList;
			buildConfigurations = (
				9BCDC37122DA18C40047F8E3 /* Debug */,
				9BCDC37222DA18C40047F8E3 /* Release */,
			);
			defaultConfigurationIsVisible = 0;
			defaultConfigurationName = Release;
		};
/* End XCConfigurationList section */
	};
	rootObject = 9BCDC35222DA18C20047F8E3 /* Project object */;
}
