// !$*UTF8*$!
{
	archiveVersion = 1;
	classes = {
	};
	objectVersion = 50;
	objects = {

/* Begin PBXBuildFile section */
		9B629370233D12E100A02FFC /* AppDelegate.m in Sources */ = {isa = PBXBuildFile; fileRef = 9B62936F233D12E100A02FFC /* AppDelegate.m */; };
		9B629373233D12E100A02FFC /* ViewController.m in Sources */ = {isa = PBXBuildFile; fileRef = 9B629372233D12E100A02FFC /* ViewController.m */; };
		9B629376233D12E100A02FFC /* Main.storyboard in Resources */ = {isa = PBXBuildFile; fileRef = 9B629374233D12E100A02FFC /* Main.storyboard */; };
		9B629378233D12E300A02FFC /* Assets.xcassets in Resources */ = {isa = PBXBuildFile; fileRef = 9B629377233D12E300A02FFC /* Assets.xcassets */; };
		9B62937B233D12E300A02FFC /* LaunchScreen.storyboard in Resources */ = {isa = PBXBuildFile; fileRef = 9B629379233D12E300A02FFC /* LaunchScreen.storyboard */; };
		9B62937E233D12E300A02FFC /* main.m in Sources */ = {isa = PBXBuildFile; fileRef = 9B62937D233D12E300A02FFC /* main.m */; };
		9B62938A233D13AB00A02FFC /* DWDispatcher.m in Sources */ = {isa = PBXBuildFile; fileRef = 9B629388233D13AB00A02FFC /* DWDispatcher.m */; };
/* End PBXBuildFile section */

/* Begin PBXFileReference section */
		9B62936B233D12E100A02FFC /* DWDispatcher.app */ = {isa = PBXFileReference; explicitFileType = wrapper.application; includeInIndex = 0; path = DWDispatcher.app; sourceTree = BUILT_PRODUCTS_DIR; };
		9B62936E233D12E100A02FFC /* AppDelegate.h */ = {isa = PBXFileReference; lastKnownFileType = sourcecode.c.h; path = AppDelegate.h; sourceTree = "<group>"; };
		9B62936F233D12E100A02FFC /* AppDelegate.m */ = {isa = PBXFileReference; lastKnownFileType = sourcecode.c.objc; path = AppDelegate.m; sourceTree = "<group>"; };
		9B629371233D12E100A02FFC /* ViewController.h */ = {isa = PBXFileReference; lastKnownFileType = sourcecode.c.h; path = ViewController.h; sourceTree = "<group>"; };
		9B629372233D12E100A02FFC /* ViewController.m */ = {isa = PBXFileReference; lastKnownFileType = sourcecode.c.objc; path = ViewController.m; sourceTree = "<group>"; };
		9B629375233D12E100A02FFC /* Base */ = {isa = PBXFileReference; lastKnownFileType = file.storyboard; name = Base; path = Base.lproj/Main.storyboard; sourceTree = "<group>"; };
		9B629377233D12E300A02FFC /* Assets.xcassets */ = {isa = PBXFileReference; lastKnownFileType = folder.assetcatalog; path = Assets.xcassets; sourceTree = "<group>"; };
		9B62937A233D12E300A02FFC /* Base */ = {isa = PBXFileReference; lastKnownFileType = file.storyboard; name = Base; path = Base.lproj/LaunchScreen.storyboard; sourceTree = "<group>"; };
		9B62937C233D12E300A02FFC /* Info.plist */ = {isa = PBXFileReference; lastKnownFileType = text.plist.xml; path = Info.plist; sourceTree = "<group>"; };
		9B62937D233D12E300A02FFC /* main.m */ = {isa = PBXFileReference; lastKnownFileType = sourcecode.c.objc; path = main.m; sourceTree = "<group>"; };
		9B629388233D13AB00A02FFC /* DWDispatcher.m */ = {isa = PBXFileReference; fileEncoding = 4; lastKnownFileType = sourcecode.c.objc; path = DWDispatcher.m; sourceTree = "<group>"; };
		9B629389233D13AB00A02FFC /* DWDispatcher.h */ = {isa = PBXFileReference; fileEncoding = 4; lastKnownFileType = sourcecode.c.h; path = DWDispatcher.h; sourceTree = "<group>"; };
/* End PBXFileReference section */

/* Begin PBXFrameworksBuildPhase section */
		9B629368233D12E100A02FFC /* Frameworks */ = {
			isa = PBXFrameworksBuildPhase;
			buildActionMask = 2147483647;
			files = (
			);
			runOnlyForDeploymentPostprocessing = 0;
		};
/* End PBXFrameworksBuildPhase section */

/* Begin PBXGroup section */
		9B629362233D12E100A02FFC = {
			isa = PBXGroup;
			children = (
				9B62936D233D12E100A02FFC /* DWDispatcher */,
				9B62936C233D12E100A02FFC /* Products */,
			);
			sourceTree = "<group>";
		};
		9B62936C233D12E100A02FFC /* Products */ = {
			isa = PBXGroup;
			children = (
				9B62936B233D12E100A02FFC /* DWDispatcher.app */,
			);
			name = Products;
			sourceTree = "<group>";
		};
		9B62936D233D12E100A02FFC /* DWDispatcher */ = {
			isa = PBXGroup;
			children = (
				9B629387233D13AB00A02FFC /* DWDispatcher */,
				9B62936E233D12E100A02FFC /* AppDelegate.h */,
				9B62936F233D12E100A02FFC /* AppDelegate.m */,
				9B629371233D12E100A02FFC /* ViewController.h */,
				9B629372233D12E100A02FFC /* ViewController.m */,
				9B629374233D12E100A02FFC /* Main.storyboard */,
				9B629377233D12E300A02FFC /* Assets.xcassets */,
				9B629379233D12E300A02FFC /* LaunchScreen.storyboard */,
				9B62937C233D12E300A02FFC /* Info.plist */,
				9B62937D233D12E300A02FFC /* main.m */,
			);
			path = DWDispatcher;
			sourceTree = "<group>";
		};
		9B629387233D13AB00A02FFC /* DWDispatcher */ = {
			isa = PBXGroup;
			children = (
				9B629389233D13AB00A02FFC /* DWDispatcher.h */,
				9B629388233D13AB00A02FFC /* DWDispatcher.m */,
			);
			name = DWDispatcher;
			path = ../../DWDispatcher;
			sourceTree = "<group>";
		};
/* End PBXGroup section */

/* Begin PBXNativeTarget section */
		9B62936A233D12E100A02FFC /* DWDispatcher */ = {
			isa = PBXNativeTarget;
			buildConfigurationList = 9B629381233D12E300A02FFC /* Build configuration list for PBXNativeTarget "DWDispatcher" */;
			buildPhases = (
				9B629367233D12E100A02FFC /* Sources */,
				9B629368233D12E100A02FFC /* Frameworks */,
				9B629369233D12E100A02FFC /* Resources */,
			);
			buildRules = (
			);
			dependencies = (
			);
			name = DWDispatcher;
			productName = DWDispatcher;
			productReference = 9B62936B233D12E100A02FFC /* DWDispatcher.app */;
			productType = "com.apple.product-type.application";
		};
/* End PBXNativeTarget section */

/* Begin PBXProject section */
		9B629363233D12E100A02FFC /* Project object */ = {
			isa = PBXProject;
			attributes = {
				LastUpgradeCheck = 1020;
				ORGANIZATIONNAME = Wicky;
				TargetAttributes = {
					9B62936A233D12E100A02FFC = {
						CreatedOnToolsVersion = 10.2.1;
					};
				};
			};
			buildConfigurationList = 9B629366233D12E100A02FFC /* Build configuration list for PBXProject "DWDispatcher" */;
			compatibilityVersion = "Xcode 9.3";
			developmentRegion = en;
			hasScannedForEncodings = 0;
			knownRegions = (
				en,
				Base,
			);
			mainGroup = 9B629362233D12E100A02FFC;
			productRefGroup = 9B62936C233D12E100A02FFC /* Products */;
			projectDirPath = "";
			projectRoot = "";
			targets = (
				9B62936A233D12E100A02FFC /* DWDispatcher */,
			);
		};
/* End PBXProject section */

/* Begin PBXResourcesBuildPhase section */
		9B629369233D12E100A02FFC /* Resources */ = {
			isa = PBXResourcesBuildPhase;
			buildActionMask = 2147483647;
			files = (
				9B62937B233D12E300A02FFC /* LaunchScreen.storyboard in Resources */,
				9B629378233D12E300A02FFC /* Assets.xcassets in Resources */,
				9B629376233D12E100A02FFC /* Main.storyboard in Resources */,
			);
			runOnlyForDeploymentPostprocessing = 0;
		};
/* End PBXResourcesBuildPhase section */

/* Begin PBXSourcesBuildPhase section */
		9B629367233D12E100A02FFC /* Sources */ = {
			isa = PBXSourcesBuildPhase;
			buildActionMask = 2147483647;
			files = (
				9B629373233D12E100A02FFC /* ViewController.m in Sources */,
				9B62937E233D12E300A02FFC /* main.m in Sources */,
				9B629370233D12E100A02FFC /* AppDelegate.m in Sources */,
				9B62938A233D13AB00A02FFC /* DWDispatcher.m in Sources */,
			);
			runOnlyForDeploymentPostprocessing = 0;
		};
/* End PBXSourcesBuildPhase section */

/* Begin PBXVariantGroup section */
		9B629374233D12E100A02FFC /* Main.storyboard */ = {
			isa = PBXVariantGroup;
			children = (
				9B629375233D12E100A02FFC /* Base */,
			);
			name = Main.storyboard;
			sourceTree = "<group>";
		};
		9B629379233D12E300A02FFC /* LaunchScreen.storyboard */ = {
			isa = PBXVariantGroup;
			children = (
				9B62937A233D12E300A02FFC /* Base */,
			);
			name = LaunchScreen.storyboard;
			sourceTree = "<group>";
		};
/* End PBXVariantGroup section */

/* Begin XCBuildConfiguration section */
		9B62937F233D12E300A02FFC /* Debug */ = {
			isa = XCBuildConfiguration;
			buildSettings = {
				ALWAYS_SEARCH_USER_PATHS = NO;
				CLANG_ANALYZER_NONNULL = YES;
				CLANG_ANALYZER_NUMBER_OBJECT_CONVERSION = YES_AGGRESSIVE;
				CLANG_CXX_LANGUAGE_STANDARD = "gnu++14";
				CLANG_CXX_LIBRARY = "libc++";
				CLANG_ENABLE_MODULES = YES;
				CLANG_ENABLE_OBJC_ARC = YES;
				CLANG_ENABLE_OBJC_WEAK = YES;
				CLANG_WARN_BLOCK_CAPTURE_AUTORELEASING = YES;
				CLANG_WARN_BOOL_CONVERSION = YES;
				CLANG_WARN_COMMA = YES;
				CLANG_WARN_CONSTANT_CONVERSION = YES;
				CLANG_WARN_DEPRECATED_OBJC_IMPLEMENTATIONS = YES;
				CLANG_WARN_DIRECT_OBJC_ISA_USAGE = YES_ERROR;
				CLANG_WARN_DOCUMENTATION_COMMENTS = YES;
				CLANG_WARN_EMPTY_BODY = YES;
				CLANG_WARN_ENUM_CONVERSION = YES;
				CLANG_WARN_INFINITE_RECURSION = YES;
				CLANG_WARN_INT_CONVERSION = YES;
				CLANG_WARN_NON_LITERAL_NULL_CONVERSION = YES;
				CLANG_WARN_OBJC_IMPLICIT_RETAIN_SELF = YES;
				CLANG_WARN_OBJC_LITERAL_CONVERSION = YES;
				CLANG_WARN_OBJC_ROOT_CLASS = YES_ERROR;
				CLANG_WARN_RANGE_LOOP_ANALYSIS = YES;
				CLANG_WARN_STRICT_PROTOTYPES = YES;
				CLANG_WARN_SUSPICIOUS_MOVE = YES;
				CLANG_WARN_UNGUARDED_AVAILABILITY = YES_AGGRESSIVE;
				CLANG_WARN_UNREACHABLE_CODE = YES;
				CLANG_WARN__DUPLICATE_METHOD_MATCH = YES;
				CODE_SIGN_IDENTITY = "iPhone Developer";
				COPY_PHASE_STRIP = NO;
				DEBUG_INFORMATION_FORMAT = dwarf;
				ENABLE_STRICT_OBJC_MSGSEND = YES;
				ENABLE_TESTABILITY = YES;
				GCC_C_LANGUAGE_STANDARD = gnu11;
				GCC_DYNAMIC_NO_PIC = NO;
				GCC_NO_COMMON_BLOCKS = YES;
				GCC_OPTIMIZATION_LEVEL = 0;
				GCC_PREPROCESSOR_DEFINITIONS = (
					"DEBUG=1",
					"$(inherited)",
				);
				GCC_WARN_64_TO_32_BIT_CONVERSION = YES;
				GCC_WARN_ABOUT_RETURN_TYPE = YES_ERROR;
				GCC_WARN_UNDECLARED_SELECTOR = YES;
				GCC_WARN_UNINITIALIZED_AUTOS = YES_AGGRESSIVE;
				GCC_WARN_UNUSED_FUNCTION = YES;
				GCC_WARN_UNUSED_VARIABLE = YES;
				IPHONEOS_DEPLOYMENT_TARGET = 12.2;
				MTL_ENABLE_DEBUG_INFO = INCLUDE_SOURCE;
				MTL_FAST_MATH = YES;
				ONLY_ACTIVE_ARCH = YES;
				SDKROOT = iphoneos;
			};
			name = Debug;
		};
		9B629380233D12E300A02FFC /* Release */ = {
			isa = XCBuildConfiguration;
			buildSettings = {
				ALWAYS_SEARCH_USER_PATHS = NO;
				CLANG_ANALYZER_NONNULL = YES;
				CLANG_ANALYZER_NUMBER_OBJECT_CONVERSION = YES_AGGRESSIVE;
				CLANG_CXX_LANGUAGE_STANDARD = "gnu++14";
				CLANG_CXX_LIBRARY = "libc++";
				CLANG_ENABLE_MODULES = YES;
				CLANG_ENABLE_OBJC_ARC = YES;
				CLANG_ENABLE_OBJC_WEAK = YES;
				CLANG_WARN_BLOCK_CAPTURE_AUTORELEASING = YES;
				CLANG_WARN_BOOL_CONVERSION = YES;
				CLANG_WARN_COMMA = YES;
				CLANG_WARN_CONSTANT_CONVERSION = YES;
				CLANG_WARN_DEPRECATED_OBJC_IMPLEMENTATIONS = YES;
				CLANG_WARN_DIRECT_OBJC_ISA_USAGE = YES_ERROR;
				CLANG_WARN_DOCUMENTATION_COMMENTS = YES;
				CLANG_WARN_EMPTY_BODY = YES;
				CLANG_WARN_ENUM_CONVERSION = YES;
				CLANG_WARN_INFINITE_RECURSION = YES;
				CLANG_WARN_INT_CONVERSION = YES;
				CLANG_WARN_NON_LITERAL_NULL_CONVERSION = YES;
				CLANG_WARN_OBJC_IMPLICIT_RETAIN_SELF = YES;
				CLANG_WARN_OBJC_LITERAL_CONVERSION = YES;
				CLANG_WARN_OBJC_ROOT_CLASS = YES_ERROR;
				CLANG_WARN_RANGE_LOOP_ANALYSIS = YES;
				CLANG_WARN_STRICT_PROTOTYPES = YES;
				CLANG_WARN_SUSPICIOUS_MOVE = YES;
				CLANG_WARN_UNGUARDED_AVAILABILITY = YES_AGGRESSIVE;
				CLANG_WARN_UNREACHABLE_CODE = YES;
				CLANG_WARN__DUPLICATE_METHOD_MATCH = YES;
				CODE_SIGN_IDENTITY = "iPhone Developer";
				COPY_PHASE_STRIP = NO;
				DEBUG_INFORMATION_FORMAT = "dwarf-with-dsym";
				ENABLE_NS_ASSERTIONS = NO;
				ENABLE_STRICT_OBJC_MSGSEND = YES;
				GCC_C_LANGUAGE_STANDARD = gnu11;
				GCC_NO_COMMON_BLOCKS = YES;
				GCC_WARN_64_TO_32_BIT_CONVERSION = YES;
				GCC_WARN_ABOUT_RETURN_TYPE = YES_ERROR;
				GCC_WARN_UNDECLARED_SELECTOR = YES;
				GCC_WARN_UNINITIALIZED_AUTOS = YES_AGGRESSIVE;
				GCC_WARN_UNUSED_FUNCTION = YES;
				GCC_WARN_UNUSED_VARIABLE = YES;
				IPHONEOS_DEPLOYMENT_TARGET = 12.2;
				MTL_ENABLE_DEBUG_INFO = NO;
				MTL_FAST_MATH = YES;
				SDKROOT = iphoneos;
				VALIDATE_PRODUCT = YES;
			};
			name = Release;
		};
		9B629382233D12E300A02FFC /* Debug */ = {
			isa = XCBuildConfiguration;
			buildSettings = {
				ASSETCATALOG_COMPILER_APPICON_NAME = AppIcon;
				CODE_SIGN_STYLE = Automatic;
				DEVELOPMENT_TEAM = Z26Y87B8NH;
				INFOPLIST_FILE = DWDispatcher/Info.plist;
				LD_RUNPATH_SEARCH_PATHS = (
					"$(inherited)",
					"@executable_path/Frameworks",
				);
				PRODUCT_BUNDLE_IDENTIFIER = Wicky.DWDataBase;
				PRODUCT_NAME = "$(TARGET_NAME)";
				TARGETED_DEVICE_FAMILY = "1,2";
			};
			name = Debug;
		};
		9B629383233D12E300A02FFC /* Release */ = {
			isa = XCBuildConfiguration;
			buildSettings = {
				ASSETCATALOG_COMPILER_APPICON_NAME = AppIcon;
				CODE_SIGN_STYLE = Automatic;
				DEVELOPMENT_TEAM = Z26Y87B8NH;
				INFOPLIST_FILE = DWDispatcher/Info.plist;
				LD_RUNPATH_SEARCH_PATHS = (
					"$(inherited)",
					"@executable_path/Frameworks",
				);
				PRODUCT_BUNDLE_IDENTIFIER = Wicky.DWDataBase;
				PRODUCT_NAME = "$(TARGET_NAME)";
				TARGETED_DEVICE_FAMILY = "1,2";
			};
			name = Release;
		};
/* End XCBuildConfiguration section */

/* Begin XCConfigurationList section */
		9B629366233D12E100A02FFC /* Build configuration list for PBXProject "DWDispatcher" */ = {
			isa = XCConfigurationList;
			buildConfigurations = (
				9B62937F233D12E300A02FFC /* Debug */,
				9B629380233D12E300A02FFC /* Release */,
			);
			defaultConfigurationIsVisible = 0;
			defaultConfigurationName = Release;
		};
		9B629381233D12E300A02FFC /* Build configuration list for PBXNativeTarget "DWDispatcher" */ = {
			isa = XCConfigurationList;
			buildConfigurations = (
				9B629382233D12E300A02FFC /* Debug */,
				9B629383233D12E300A02FFC /* Release */,
			);
			defaultConfigurationIsVisible = 0;
			defaultConfigurationName = Release;
		};
/* End XCConfigurationList section */
	};
	rootObject = 9B629363233D12E100A02FFC /* Project object */;
}
